
Microsoft Visual Studio Solution File, Format Version 11.00
# Visual Studio 2010
Project("{2150E333-8FDC-42A3-9474-1A3956D46DE8}") = "Helpers", "Helpers", "{DE303A49-9790-47D7-B39F-EBFF81D477CF}"
EndProject
Project("{FAE04EC0-301F-11D3-BF4B-00C04F79EFBC}") = "Logger", "Helpers\Logger\Logger.csproj", "{8FF0DCC1-6D5D-4876-B126-863190D8DE9B}"
EndProject
Project("{FAE04EC0-301F-11D3-BF4B-00C04F79EFBC}") = "WebRetriever", "Helpers\WebRetriever\WebRetriever.csproj", "{04A529EA-1CEB-407A-9DE0-2A2E953427A9}"
EndProject
Project("{FAE04EC0-301F-11D3-BF4B-00C04F79EFBC}") = "Api", "Api\Api.csproj", "{A75D3A26-81AC-4144-821F-2D390FC60C6A}"
EndProject
Project("{FAE04EC0-301F-11D3-BF4B-00C04F79EFBC}") = "Model", "Model\Model.csproj", "{7AAF160A-ED55-4826-AE93-1DA804C8C0E1}"
EndProject
Project("{2150E333-8FDC-42A3-9474-1A3956D46DE8}") = "Solution Items", "Solution Items", "{0D50E1A8-3408-47F6-8F73-A23824F95D98}"
	ProjectSection(SolutionItems) = preProject
		LICENSE.txt = LICENSE.txt
		README.txt = README.txt
	EndProjectSection
EndProject
Project("{FAE04EC0-301F-11D3-BF4B-00C04F79EFBC}") = "WebRetriever.Test", "Helpers\WebRetriever.Test\WebRetriever.Test.csproj", "{521D2F98-6725-4E22-9435-17947A78C877}"
EndProject
Project("{FAE04EC0-301F-11D3-BF4B-00C04F79EFBC}") = "Api.Test", "Api.Test\Api.Test.csproj", "{8A0047F2-53B5-4CE7-9277-BB31528023B7}"
EndProject
Project("{2150E333-8FDC-42A3-9474-1A3956D46DE8}") = ".nuget", ".nuget", "{B62B40F0-B035-44A4-88A3-326CB5424751}"
	ProjectSection(SolutionItems) = preProject
		.nuget\NuGet.Config = .nuget\NuGet.Config
		.nuget\NuGet.exe = .nuget\NuGet.exe
		.nuget\NuGet.targets = .nuget\NuGet.targets
	EndProjectSection
EndProject
Project("{FAE04EC0-301F-11D3-BF4B-00C04F79EFBC}") = "Model.Test", "Model.Test\Model.Test.csproj", "{A3128D20-15D1-44F5-8F55-903C44488BAF}"
EndProject
Global
	GlobalSection(SolutionConfigurationPlatforms) = preSolution
		Debug|Any CPU = Debug|Any CPU
		Release|Any CPU = Release|Any CPU
	EndGlobalSection
	GlobalSection(ProjectConfigurationPlatforms) = postSolution
		{8FF0DCC1-6D5D-4876-B126-863190D8DE9B}.Debug|Any CPU.ActiveCfg = Debug|Any CPU
		{8FF0DCC1-6D5D-4876-B126-863190D8DE9B}.Debug|Any CPU.Build.0 = Debug|Any CPU
		{8FF0DCC1-6D5D-4876-B126-863190D8DE9B}.Release|Any CPU.ActiveCfg = Release|Any CPU
		{8FF0DCC1-6D5D-4876-B126-863190D8DE9B}.Release|Any CPU.Build.0 = Release|Any CPU
		{04A529EA-1CEB-407A-9DE0-2A2E953427A9}.Debug|Any CPU.ActiveCfg = Debug|Any CPU
		{04A529EA-1CEB-407A-9DE0-2A2E953427A9}.Debug|Any CPU.Build.0 = Debug|Any CPU
		{04A529EA-1CEB-407A-9DE0-2A2E953427A9}.Release|Any CPU.ActiveCfg = Release|Any CPU
		{04A529EA-1CEB-407A-9DE0-2A2E953427A9}.Release|Any CPU.Build.0 = Release|Any CPU
		{A75D3A26-81AC-4144-821F-2D390FC60C6A}.Debug|Any CPU.ActiveCfg = Debug|Any CPU
		{A75D3A26-81AC-4144-821F-2D390FC60C6A}.Debug|Any CPU.Build.0 = Debug|Any CPU
		{A75D3A26-81AC-4144-821F-2D390FC60C6A}.Release|Any CPU.ActiveCfg = Release|Any CPU
		{A75D3A26-81AC-4144-821F-2D390FC60C6A}.Release|Any CPU.Build.0 = Release|Any CPU
		{7AAF160A-ED55-4826-AE93-1DA804C8C0E1}.Debug|Any CPU.ActiveCfg = Debug|Any CPU
		{7AAF160A-ED55-4826-AE93-1DA804C8C0E1}.Debug|Any CPU.Build.0 = Debug|Any CPU
		{7AAF160A-ED55-4826-AE93-1DA804C8C0E1}.Release|Any CPU.ActiveCfg = Release|Any CPU
		{7AAF160A-ED55-4826-AE93-1DA804C8C0E1}.Release|Any CPU.Build.0 = Release|Any CPU
		{521D2F98-6725-4E22-9435-17947A78C877}.Debug|Any CPU.ActiveCfg = Debug|Any CPU
		{521D2F98-6725-4E22-9435-17947A78C877}.Debug|Any CPU.Build.0 = Debug|Any CPU
		{521D2F98-6725-4E22-9435-17947A78C877}.Release|Any CPU.ActiveCfg = Release|Any CPU
		{521D2F98-6725-4E22-9435-17947A78C877}.Release|Any CPU.Build.0 = Release|Any CPU
		{8A0047F2-53B5-4CE7-9277-BB31528023B7}.Debug|Any CPU.ActiveCfg = Debug|Any CPU
		{8A0047F2-53B5-4CE7-9277-BB31528023B7}.Debug|Any CPU.Build.0 = Debug|Any CPU
		{8A0047F2-53B5-4CE7-9277-BB31528023B7}.Release|Any CPU.ActiveCfg = Release|Any CPU
		{8A0047F2-53B5-4CE7-9277-BB31528023B7}.Release|Any CPU.Build.0 = Release|Any CPU
		{A3128D20-15D1-44F5-8F55-903C44488BAF}.Debug|Any CPU.ActiveCfg = Debug|Any CPU
		{A3128D20-15D1-44F5-8F55-903C44488BAF}.Debug|Any CPU.Build.0 = Debug|Any CPU
		{A3128D20-15D1-44F5-8F55-903C44488BAF}.Release|Any CPU.ActiveCfg = Release|Any CPU
		{A3128D20-15D1-44F5-8F55-903C44488BAF}.Release|Any CPU.Build.0 = Release|Any CPU
	EndGlobalSection
	GlobalSection(SolutionProperties) = preSolution
		HideSolutionNode = FALSE
	EndGlobalSection
	GlobalSection(NestedProjects) = preSolution
		{8FF0DCC1-6D5D-4876-B126-863190D8DE9B} = {DE303A49-9790-47D7-B39F-EBFF81D477CF}
		{04A529EA-1CEB-407A-9DE0-2A2E953427A9} = {DE303A49-9790-47D7-B39F-EBFF81D477CF}
		{521D2F98-6725-4E22-9435-17947A78C877} = {DE303A49-9790-47D7-B39F-EBFF81D477CF}
	EndGlobalSection
EndGlobal
